// !$*UTF8*$!
{
	archiveVersion = 1;
	classes = {
	};
	objectVersion = 77;
	objects = {

/* Begin PBXBuildFile section */
		C50BE70A2EE6346900883045 /* SupabaseWatchlistAdapter.swift in Sources */ = {isa = PBXBuildFile; fileRef = C50BE7092EE6346900883045 /* SupabaseWatchlistAdapter.swift */; };
		C50BE70C2EE6380200883045 /* NotificationNames.swift in Sources */ = {isa = PBXBuildFile; fileRef = C50BE70B2EE6380200883045 /* NotificationNames.swift */; };
		C50BE70E2EE6383800883045 /* VoiceAnalyticsLogger.swift in Sources */ = {isa = PBXBuildFile; fileRef = C50BE70D2EE6383800883045 /* VoiceAnalyticsLogger.swift */; };
		C50BE7122EE6395B00883045 /* MangoCommand.swift in Sources */ = {isa = PBXBuildFile; fileRef = C50BE7112EE6395B00883045 /* MangoCommand.swift */; };
		C50BE7142EE6399F00883045 /* OpenAIClient.swift in Sources */ = {isa = PBXBuildFile; fileRef = C50BE7132EE6399F00883045 /* OpenAIClient.swift */; };
		C50BE7162EE639A900883045 /* OpenAIConfig.swift in Sources */ = {isa = PBXBuildFile; fileRef = C50BE7152EE639A900883045 /* OpenAIConfig.swift */; };
		C50BE7182EE63BAC00883045 /* VoiceIntentRouter.swift in Sources */ = {isa = PBXBuildFile; fileRef = C50BE7172EE63BAC00883045 /* VoiceIntentRouter.swift */; };
		C50BE71A2EE63C9900883045 /* MangoSpeaker.swift in Sources */ = {isa = PBXBuildFile; fileRef = C50BE7192EE63C9900883045 /* MangoSpeaker.swift */; };
		C50BE71C2EE63CAE00883045 /* MangoListeningView.swift in Sources */ = {isa = PBXBuildFile; fileRef = C50BE71B2EE63CAE00883045 /* MangoListeningView.swift */; };
		C50BE71E2EE65A0900883045 /* RecommenderNormalizer.swift in Sources */ = {isa = PBXBuildFile; fileRef = C50BE71D2EE65A0900883045 /* RecommenderNormalizer.swift */; };
		C517CD202EC9806C00EAE1FE /* Assets.xcassets in Resources */ = {isa = PBXBuildFile; fileRef = C517CD042EC9806C00EAE1FE /* Assets.xcassets */; };
		C517CD212EC9806C00EAE1FE /* movies.json in Resources */ = {isa = PBXBuildFile; fileRef = C517CD122EC9806C00EAE1FE /* movies.json */; };
		C517CD222EC9806C00EAE1FE /* CategoryItem.swift in Sources */ = {isa = PBXBuildFile; fileRef = C517CD062EC9806C00EAE1FE /* CategoryItem.swift */; };
		C517CD232EC9806C00EAE1FE /* Color+Hex.swift in Sources */ = {isa = PBXBuildFile; fileRef = C517CD082EC9806C00EAE1FE /* Color+Hex.swift */; };
		C517CD242EC9806C00EAE1FE /* Movie.swift in Sources */ = {isa = PBXBuildFile; fileRef = C517CD0C2EC9806C00EAE1FE /* Movie.swift */; };
		C517CD252EC9806C00EAE1FE /* Tmdbconfig.swift in Sources */ = {isa = PBXBuildFile; fileRef = C517CD1A2EC9806C00EAE1FE /* Tmdbconfig.swift */; };
		C517CD262EC9806C00EAE1FE /* Tmdbmodels.swift in Sources */ = {isa = PBXBuildFile; fileRef = C517CD1B2EC9806C00EAE1FE /* Tmdbmodels.swift */; };
		C517CD272EC9806C00EAE1FE /* CastTabView.swift in Sources */ = {isa = PBXBuildFile; fileRef = C517CD052EC9806C00EAE1FE /* CastTabView.swift */; };
		C517CD282EC9806C00EAE1FE /* Tmdbservice.swift in Sources */ = {isa = PBXBuildFile; fileRef = C517CD1C2EC9806C00EAE1FE /* Tmdbservice.swift */; };
		C517CD292EC9806C00EAE1FE /* MoviePageView.swift in Sources */ = {isa = PBXBuildFile; fileRef = C517CD102EC9806C00EAE1FE /* MoviePageView.swift */; };
		C517CD2A2EC9806C00EAE1FE /* MovieDetailViewModel.swift in Sources */ = {isa = PBXBuildFile; fileRef = C517CD0F2EC9806C00EAE1FE /* MovieDetailViewModel.swift */; };
		C517CD2B2EC9806C00EAE1FE /* MoviePosterImage.swift in Sources */ = {isa = PBXBuildFile; fileRef = C517CD112EC9806C00EAE1FE /* MoviePosterImage.swift */; };
		C517CD2C2EC9806C00EAE1FE /* TastyMangoesApp.swift in Sources */ = {isa = PBXBuildFile; fileRef = C517CD192EC9806C00EAE1FE /* TastyMangoesApp.swift */; };
		C517CD2D2EC9806C00EAE1FE /* TMIcons.swift in Sources */ = {isa = PBXBuildFile; fileRef = C517CD1D2EC9806C00EAE1FE /* TMIcons.swift */; };
		C517CD2E2EC9806C00EAE1FE /* SearchComponents.swift in Sources */ = {isa = PBXBuildFile; fileRef = C517CD132EC9806C00EAE1FE /* SearchComponents.swift */; };
		C517CD2F2EC9806C00EAE1FE /* CategoryResultsView.swift in Sources */ = {isa = PBXBuildFile; fileRef = C517CD072EC9806C00EAE1FE /* CategoryResultsView.swift */; };
		C517CD302EC9806C00EAE1FE /* SearchViewModel.swift in Sources */ = {isa = PBXBuildFile; fileRef = C517CD162EC9806C00EAE1FE /* SearchViewModel.swift */; };
		C517CD312EC9806C00EAE1FE /* TabBarView.swift in Sources */ = {isa = PBXBuildFile; fileRef = C517CD172EC9806C00EAE1FE /* TabBarView.swift */; };
		C517CD322EC9806C00EAE1FE /* SearchView.swift in Sources */ = {isa = PBXBuildFile; fileRef = C517CD152EC9806C00EAE1FE /* SearchView.swift */; };
		C517CD332EC9806C00EAE1FE /* MovieDetail.swift in Sources */ = {isa = PBXBuildFile; fileRef = C517CD0D2EC9806C00EAE1FE /* MovieDetail.swift */; };
		C517CD342EC9806C00EAE1FE /* CrewTabView.swift in Sources */ = {isa = PBXBuildFile; fileRef = C517CD092EC9806C00EAE1FE /* CrewTabView.swift */; };
		C517CD352EC9806C00EAE1FE /* SearchFiltersView.swift in Sources */ = {isa = PBXBuildFile; fileRef = C517CD142EC9806C00EAE1FE /* SearchFiltersView.swift */; };
		C517CD362EC9806C00EAE1FE /* CustomIcons.swift in Sources */ = {isa = PBXBuildFile; fileRef = C517CD0A2EC9806C00EAE1FE /* CustomIcons.swift */; };
		C517CD372EC9806C00EAE1FE /* MovieDetailService.swift in Sources */ = {isa = PBXBuildFile; fileRef = C517CD0E2EC9806C00EAE1FE /* MovieDetailService.swift */; };
		C517CD382EC9806C00EAE1FE /* HomeVew.swift in Sources */ = {isa = PBXBuildFile; fileRef = C517CD0B2EC9806C00EAE1FE /* HomeVew.swift */; };
		C51B70512ED2D66500B76CF7 /* MovieDetailView.swift in Sources */ = {isa = PBXBuildFile; fileRef = C51B70502ED2D66500B76CF7 /* MovieDetailView.swift */; };
		C561D02E2EDFCF01007FDD69 /* YouTubePlayerView.swift in Sources */ = {isa = PBXBuildFile; fileRef = C561D02D2EDFCF01007FDD69 /* YouTubePlayerView.swift */; };
		C59E8B822EE696D000F15ED6 /* SelfHealingVoiceService.swift in Sources */ = {isa = PBXBuildFile; fileRef = C59E8B812EE696D000F15ED6 /* SelfHealingVoiceService.swift */; };
		C5A665512EC9C36A001433DC /* MoviePageScrollDebugView.swift in Sources */ = {isa = PBXBuildFile; fileRef = C5A665502EC9C36A001433DC /* MoviePageScrollDebugView.swift */; };
		C5ADA3582ED5578700440F8D /* Auth in Frameworks */ = {isa = PBXBuildFile; productRef = C5ADA3572ED5578700440F8D /* Auth */; };
		C5ADA35A2ED5578700440F8D /* PostgREST in Frameworks */ = {isa = PBXBuildFile; productRef = C5ADA3592ED5578700440F8D /* PostgREST */; };
		C5ADA35C2ED5578700440F8D /* Realtime in Frameworks */ = {isa = PBXBuildFile; productRef = C5ADA35B2ED5578700440F8D /* Realtime */; };
		C5ADA35E2ED5578700440F8D /* Storage in Frameworks */ = {isa = PBXBuildFile; productRef = C5ADA35D2ED5578700440F8D /* Storage */; };
		C5ADA3662ED5601500440F8D /* Supabase in Frameworks */ = {isa = PBXBuildFile; productRef = C5ADA3652ED5601500440F8D /* Supabase */; };
		C5B95D1D2ECB0B0800B47098 /* WatchlistView.swift in Sources */ = {isa = PBXBuildFile; fileRef = C5B95D1C2ECB0B0800B47098 /* WatchlistView.swift */; };
		C5B95D232ECB15DE00B47098 /* WatchlistManager.swift in Sources */ = {isa = PBXBuildFile; fileRef = C5B95D222ECB15DE00B47098 /* WatchlistManager.swift */; };
		C5B95D252ECB1D2800B47098 /* SearchFiltersBottomSheet.swift in Sources */ = {isa = PBXBuildFile; fileRef = C5B95D242ECB1D2800B47098 /* SearchFiltersBottomSheet.swift */; };
		C5B95D272ECB1D4000B47098 /* SearchCategoriesView.swift in Sources */ = {isa = PBXBuildFile; fileRef = C5B95D262ECB1D4000B47098 /* SearchCategoriesView.swift */; };
		C5B95D292ECB270300B47098 /* SearchFilterState.swift in Sources */ = {isa = PBXBuildFile; fileRef = C5B95D282ECB270300B47098 /* SearchFilterState.swift */; };
		C5B95D2B2ECB271700B47098 /* SearchHistoryManager.swift in Sources */ = {isa = PBXBuildFile; fileRef = C5B95D2A2ECB271700B47098 /* SearchHistoryManager.swift */; };
		C5B95D2D2ECB272B00B47098 /* SearchPlatformsBottomSheet.swift in Sources */ = {isa = PBXBuildFile; fileRef = C5B95D2C2ECB272B00B47098 /* SearchPlatformsBottomSheet.swift */; };
		C5B95D2F2ECB274E00B47098 /* SearchGenresBottomSheet.swift in Sources */ = {isa = PBXBuildFile; fileRef = C5B95D2E2ECB274E00B47098 /* SearchGenresBottomSheet.swift */; };
		C5B95D332ECB32CD00B47098 /* IndividualListView.swift in Sources */ = {isa = PBXBuildFile; fileRef = C5B95D322ECB32CD00B47098 /* IndividualListView.swift */; };
		C5B95D352ECB32E200B47098 /* SortByBottomSheet.swift in Sources */ = {isa = PBXBuildFile; fileRef = C5B95D342ECB32E200B47098 /* SortByBottomSheet.swift */; };
		C5B95D372ECB32F200B47098 /* ManageListBottomSheet.swift in Sources */ = {isa = PBXBuildFile; fileRef = C5B95D362ECB32F200B47098 /* ManageListBottomSheet.swift */; };
		C5B95D392ECB330000B47098 /* DeleteListBottomSheet.swift in Sources */ = {isa = PBXBuildFile; fileRef = C5B95D382ECB330000B47098 /* DeleteListBottomSheet.swift */; };
		C5B95D3B2ECB333000B47098 /* WatchlistFiltersBottomSheet.swift in Sources */ = {isa = PBXBuildFile; fileRef = C5B95D3A2ECB333000B47098 /* WatchlistFiltersBottomSheet.swift */; };
		C5B95D3D2ECB334600B47098 /* YourListsView.swift in Sources */ = {isa = PBXBuildFile; fileRef = C5B95D3C2ECB334600B47098 /* YourListsView.swift */; };
		C5B95D3F2ECB37F800B47098 /* CreateWatchlistBottomSheet.swift in Sources */ = {isa = PBXBuildFile; fileRef = C5B95D3E2ECB37F800B47098 /* CreateWatchlistBottomSheet.swift */; };
		C5B95D412ECB383300B47098 /* WatchlistFilterState.swift in Sources */ = {isa = PBXBuildFile; fileRef = C5B95D402ECB383300B47098 /* WatchlistFilterState.swift */; };
		C5B95D432ECB3D5300B47098 /* AddToListView.swift in Sources */ = {isa = PBXBuildFile; fileRef = C5B95D422ECB3D5300B47098 /* AddToListView.swift */; };
		C5B95D452ECB3D9100B47098 /* AddMoviesToListView.swift in Sources */ = {isa = PBXBuildFile; fileRef = C5B95D442ECB3D9100B47098 /* AddMoviesToListView.swift */; };
		C5B95D472ECB416200B47098 /* EditListBottomSheet.swift in Sources */ = {isa = PBXBuildFile; fileRef = C5B95D462ECB416200B47098 /* EditListBottomSheet.swift */; };
		C5B95D492ECB418100B47098 /* WatchlistFilterDetailSheet.swift in Sources */ = {isa = PBXBuildFile; fileRef = C5B95D482ECB418100B47098 /* WatchlistFilterDetailSheet.swift */; };
		C5B95D4B2ECB59C500B47098 /* SearchFilterDetailSheet.swift in Sources */ = {isa = PBXBuildFile; fileRef = C5B95D4A2ECB59C500B47098 /* SearchFilterDetailSheet.swift */; };
		C5E27A3B2EC9979400065347 /* MoviePageHeader.swift in Sources */ = {isa = PBXBuildFile; fileRef = C5E27A392EC9979400065347 /* MoviePageHeader.swift */; };
		C5E27A3C2EC9979400065347 /* WatchlistBottomSheet.swift in Sources */ = {isa = PBXBuildFile; fileRef = C5E27A3A2EC9979400065347 /* WatchlistBottomSheet.swift */; };
		C5E27A3D2EC9979400065348 /* RateBottomSheet.swift in Sources */ = {isa = PBXBuildFile; fileRef = C5E27A3E2EC9979400065348 /* RateBottomSheet.swift */; };
		C5E27A3F2EC9979400065349 /* PlatformBottomSheet.swift in Sources */ = {isa = PBXBuildFile; fileRef = C5E27A402EC9979400065349 /* PlatformBottomSheet.swift */; };
		C5E27A412EC9979400065350 /* FriendsBottomSheet.swift in Sources */ = {isa = PBXBuildFile; fileRef = C5E27A422EC9979400065350 /* FriendsBottomSheet.swift */; };
		C5E27A432EC9979400065351 /* AuthManager.swift in Sources */ = {isa = PBXBuildFile; fileRef = C5E27A442EC9979400065351 /* AuthManager.swift */; };
		C5E27A452EC9979400065352 /* UserProfileManager.swift in Sources */ = {isa = PBXBuildFile; fileRef = C5E27A462EC9979400065352 /* UserProfileManager.swift */; };
		C5E27A472EC9979400065353 /* SignInView.swift in Sources */ = {isa = PBXBuildFile; fileRef = C5E27A482EC9979400065353 /* SignInView.swift */; };
		C5E27A492EC9979400065354 /* SignUpView.swift in Sources */ = {isa = PBXBuildFile; fileRef = C5E27A4A2EC9979400065354 /* SignUpView.swift */; };
		C5E27A4B2EC9979400065355 /* ProfileView.swift in Sources */ = {isa = PBXBuildFile; fileRef = C5E27A4C2EC9979400065355 /* ProfileView.swift */; };
		C5E27A4D2EC9979400065356 /* SupabaseService.swift in Sources */ = {isa = PBXBuildFile; fileRef = C5E27A4E2EC9979400065356 /* SupabaseService.swift */; };
		C5E27A4F2EC9979400065357 /* SupabaseModels.swift in Sources */ = {isa = PBXBuildFile; fileRef = C5E27A502EC9979400065357 /* SupabaseModels.swift */; };
		C5E27A512EC9979400065358 /* SupabaseConfig.swift in Sources */ = {isa = PBXBuildFile; fileRef = C5E27A522EC9979400065358 /* SupabaseConfig.swift */; };
		C5E27A532EC9979400065359 /* PlatformIconHelper.swift in Sources */ = {isa = PBXBuildFile; fileRef = C5E27A542EC9979400065359 /* PlatformIconHelper.swift */; };
		C5E27A552EC9979400065360 /* MovieCard.swift in Sources */ = {isa = PBXBuildFile; fileRef = C5E27A562EC9979400065360 /* MovieCard.swift */; };
		C5E27A572EC9979400065361 /* MovieCard+Extensions.swift in Sources */ = {isa = PBXBuildFile; fileRef = C5E27A582EC9979400065361 /* MovieCard+Extensions.swift */; };
		C5EF8F332EDC19730012E597 /* SpeechRecognizer.swift in Sources */ = {isa = PBXBuildFile; fileRef = C5EF8F322EDC19730012E597 /* SpeechRecognizer.swift */; };
		C5EF8F352EDC198C0012E597 /* ListeningIndicator.swift in Sources */ = {isa = PBXBuildFile; fileRef = C5EF8F342EDC198C0012E597 /* ListeningIndicator.swift */; };
/* End PBXBuildFile section */

/* Begin PBXContainerItemProxy section */
		C5D017412E989F7900164472 /* PBXContainerItemProxy */ = {
			isa = PBXContainerItemProxy;
			containerPortal = C5D0172B2E989F7800164472 /* Project object */;
			proxyType = 1;
			remoteGlobalIDString = C5D017322E989F7800164472;
			remoteInfo = TastyMangoes;
		};
		C5D0174B2E989F7900164472 /* PBXContainerItemProxy */ = {
			isa = PBXContainerItemProxy;
			containerPortal = C5D0172B2E989F7800164472 /* Project object */;
			proxyType = 1;
			remoteGlobalIDString = C5D017322E989F7800164472;
			remoteInfo = TastyMangoes;
		};
/* End PBXContainerItemProxy section */

/* Begin PBXFileReference section */
		C50BE7092EE6346900883045 /* SupabaseWatchlistAdapter.swift */ = {isa = PBXFileReference; lastKnownFileType = sourcecode.swift; path = SupabaseWatchlistAdapter.swift; sourceTree = "<group>"; };
		C50BE70B2EE6380200883045 /* NotificationNames.swift */ = {isa = PBXFileReference; lastKnownFileType = sourcecode.swift; path = NotificationNames.swift; sourceTree = "<group>"; };
		C50BE70D2EE6383800883045 /* VoiceAnalyticsLogger.swift */ = {isa = PBXFileReference; lastKnownFileType = sourcecode.swift; path = VoiceAnalyticsLogger.swift; sourceTree = "<group>"; };
		C50BE7112EE6395B00883045 /* MangoCommand.swift */ = {isa = PBXFileReference; lastKnownFileType = sourcecode.swift; path = MangoCommand.swift; sourceTree = "<group>"; };
		C50BE7132EE6399F00883045 /* OpenAIClient.swift */ = {isa = PBXFileReference; lastKnownFileType = sourcecode.swift; path = OpenAIClient.swift; sourceTree = "<group>"; };
		C50BE7152EE639A900883045 /* OpenAIConfig.swift */ = {isa = PBXFileReference; lastKnownFileType = sourcecode.swift; path = OpenAIConfig.swift; sourceTree = "<group>"; };
		C50BE7172EE63BAC00883045 /* VoiceIntentRouter.swift */ = {isa = PBXFileReference; lastKnownFileType = sourcecode.swift; path = VoiceIntentRouter.swift; sourceTree = "<group>"; };
		C50BE7192EE63C9900883045 /* MangoSpeaker.swift */ = {isa = PBXFileReference; lastKnownFileType = sourcecode.swift; path = MangoSpeaker.swift; sourceTree = "<group>"; };
		C50BE71B2EE63CAE00883045 /* MangoListeningView.swift */ = {isa = PBXFileReference; lastKnownFileType = sourcecode.swift; path = MangoListeningView.swift; sourceTree = "<group>"; };
		C50BE71D2EE65A0900883045 /* RecommenderNormalizer.swift */ = {isa = PBXFileReference; lastKnownFileType = sourcecode.swift; path = RecommenderNormalizer.swift; sourceTree = "<group>"; };
		C517CD042EC9806C00EAE1FE /* Assets.xcassets */ = {isa = PBXFileReference; lastKnownFileType = folder.assetcatalog; path = Assets.xcassets; sourceTree = "<group>"; };
		C517CD052EC9806C00EAE1FE /* CastTabView.swift */ = {isa = PBXFileReference; lastKnownFileType = sourcecode.swift; path = CastTabView.swift; sourceTree = "<group>"; };
		C517CD062EC9806C00EAE1FE /* CategoryItem.swift */ = {isa = PBXFileReference; lastKnownFileType = sourcecode.swift; path = CategoryItem.swift; sourceTree = "<group>"; };
		C517CD072EC9806C00EAE1FE /* CategoryResultsView.swift */ = {isa = PBXFileReference; lastKnownFileType = sourcecode.swift; path = CategoryResultsView.swift; sourceTree = "<group>"; };
		C517CD082EC9806C00EAE1FE /* Color+Hex.swift */ = {isa = PBXFileReference; lastKnownFileType = sourcecode.swift; path = "Color+Hex.swift"; sourceTree = "<group>"; };
		C517CD092EC9806C00EAE1FE /* CrewTabView.swift */ = {isa = PBXFileReference; lastKnownFileType = sourcecode.swift; path = CrewTabView.swift; sourceTree = "<group>"; };
		C517CD0A2EC9806C00EAE1FE /* CustomIcons.swift */ = {isa = PBXFileReference; lastKnownFileType = sourcecode.swift; path = CustomIcons.swift; sourceTree = "<group>"; };
		C517CD0B2EC9806C00EAE1FE /* HomeVew.swift */ = {isa = PBXFileReference; lastKnownFileType = sourcecode.swift; path = HomeVew.swift; sourceTree = "<group>"; };
		C517CD0C2EC9806C00EAE1FE /* Movie.swift */ = {isa = PBXFileReference; lastKnownFileType = sourcecode.swift; path = Movie.swift; sourceTree = "<group>"; };
		C517CD0D2EC9806C00EAE1FE /* MovieDetail.swift */ = {isa = PBXFileReference; lastKnownFileType = sourcecode.swift; path = MovieDetail.swift; sourceTree = "<group>"; };
		C517CD0E2EC9806C00EAE1FE /* MovieDetailService.swift */ = {isa = PBXFileReference; lastKnownFileType = sourcecode.swift; path = MovieDetailService.swift; sourceTree = "<group>"; };
		C517CD0F2EC9806C00EAE1FE /* MovieDetailViewModel.swift */ = {isa = PBXFileReference; lastKnownFileType = sourcecode.swift; path = MovieDetailViewModel.swift; sourceTree = "<group>"; };
		C517CD102EC9806C00EAE1FE /* MoviePageView.swift */ = {isa = PBXFileReference; lastKnownFileType = sourcecode.swift; path = MoviePageView.swift; sourceTree = "<group>"; };
		C517CD112EC9806C00EAE1FE /* MoviePosterImage.swift */ = {isa = PBXFileReference; lastKnownFileType = sourcecode.swift; path = MoviePosterImage.swift; sourceTree = "<group>"; };
		C517CD122EC9806C00EAE1FE /* movies.json */ = {isa = PBXFileReference; lastKnownFileType = text.json; path = movies.json; sourceTree = "<group>"; };
		C517CD132EC9806C00EAE1FE /* SearchComponents.swift */ = {isa = PBXFileReference; lastKnownFileType = sourcecode.swift; path = SearchComponents.swift; sourceTree = "<group>"; };
		C517CD142EC9806C00EAE1FE /* SearchFiltersView.swift */ = {isa = PBXFileReference; lastKnownFileType = sourcecode.swift; path = SearchFiltersView.swift; sourceTree = "<group>"; };
		C517CD152EC9806C00EAE1FE /* SearchView.swift */ = {isa = PBXFileReference; lastKnownFileType = sourcecode.swift; path = SearchView.swift; sourceTree = "<group>"; };
		C517CD162EC9806C00EAE1FE /* SearchViewModel.swift */ = {isa = PBXFileReference; lastKnownFileType = sourcecode.swift; path = SearchViewModel.swift; sourceTree = "<group>"; };
		C517CD172EC9806C00EAE1FE /* TabBarView.swift */ = {isa = PBXFileReference; lastKnownFileType = sourcecode.swift; path = TabBarView.swift; sourceTree = "<group>"; };
		C517CD182EC9806C00EAE1FE /* TastyMangoes.xcodeproj */ = {isa = PBXFileReference; lastKnownFileType = "wrapper.pb-project"; path = TastyMangoes.xcodeproj; sourceTree = "<group>"; };
		C517CD192EC9806C00EAE1FE /* TastyMangoesApp.swift */ = {isa = PBXFileReference; lastKnownFileType = sourcecode.swift; path = TastyMangoesApp.swift; sourceTree = "<group>"; };
		C517CD1A2EC9806C00EAE1FE /* Tmdbconfig.swift */ = {isa = PBXFileReference; lastKnownFileType = sourcecode.swift; path = Tmdbconfig.swift; sourceTree = "<group>"; };
		C517CD1B2EC9806C00EAE1FE /* Tmdbmodels.swift */ = {isa = PBXFileReference; lastKnownFileType = sourcecode.swift; path = Tmdbmodels.swift; sourceTree = "<group>"; };
		C517CD1C2EC9806C00EAE1FE /* Tmdbservice.swift */ = {isa = PBXFileReference; lastKnownFileType = sourcecode.swift; path = Tmdbservice.swift; sourceTree = "<group>"; };
		C517CD1D2EC9806C00EAE1FE /* TMIcons.swift */ = {isa = PBXFileReference; lastKnownFileType = sourcecode.swift; path = TMIcons.swift; sourceTree = "<group>"; };
		C51B70502ED2D66500B76CF7 /* MovieDetailView.swift */ = {isa = PBXFileReference; lastKnownFileType = sourcecode.swift; path = MovieDetailView.swift; sourceTree = "<group>"; };
		C561D02D2EDFCF01007FDD69 /* YouTubePlayerView.swift */ = {isa = PBXFileReference; lastKnownFileType = sourcecode.swift; path = YouTubePlayerView.swift; sourceTree = "<group>"; };
		C59E8B812EE696D000F15ED6 /* SelfHealingVoiceService.swift */ = {isa = PBXFileReference; lastKnownFileType = sourcecode.swift; path = SelfHealingVoiceService.swift; sourceTree = "<group>"; };
		C5A665502EC9C36A001433DC /* MoviePageScrollDebugView.swift */ = {isa = PBXFileReference; lastKnownFileType = sourcecode.swift; path = MoviePageScrollDebugView.swift; sourceTree = "<group>"; };
		C5B95D1C2ECB0B0800B47098 /* WatchlistView.swift */ = {isa = PBXFileReference; lastKnownFileType = sourcecode.swift; path = WatchlistView.swift; sourceTree = "<group>"; };
		C5B95D222ECB15DE00B47098 /* WatchlistManager.swift */ = {isa = PBXFileReference; lastKnownFileType = sourcecode.swift; path = WatchlistManager.swift; sourceTree = "<group>"; };
		C5B95D242ECB1D2800B47098 /* SearchFiltersBottomSheet.swift */ = {isa = PBXFileReference; lastKnownFileType = sourcecode.swift; path = SearchFiltersBottomSheet.swift; sourceTree = "<group>"; };
		C5B95D262ECB1D4000B47098 /* SearchCategoriesView.swift */ = {isa = PBXFileReference; lastKnownFileType = sourcecode.swift; path = SearchCategoriesView.swift; sourceTree = "<group>"; };
		C5B95D282ECB270300B47098 /* SearchFilterState.swift */ = {isa = PBXFileReference; lastKnownFileType = sourcecode.swift; path = SearchFilterState.swift; sourceTree = "<group>"; };
		C5B95D2A2ECB271700B47098 /* SearchHistoryManager.swift */ = {isa = PBXFileReference; lastKnownFileType = sourcecode.swift; path = SearchHistoryManager.swift; sourceTree = "<group>"; };
		C5B95D2C2ECB272B00B47098 /* SearchPlatformsBottomSheet.swift */ = {isa = PBXFileReference; lastKnownFileType = sourcecode.swift; path = SearchPlatformsBottomSheet.swift; sourceTree = "<group>"; };
		C5B95D2E2ECB274E00B47098 /* SearchGenresBottomSheet.swift */ = {isa = PBXFileReference; lastKnownFileType = sourcecode.swift; path = SearchGenresBottomSheet.swift; sourceTree = "<group>"; };
		C5B95D302ECB32B600B47098 /* WatchlistView.swift */ = {isa = PBXFileReference; lastKnownFileType = sourcecode.swift; path = WatchlistView.swift; sourceTree = "<group>"; };
		C5B95D322ECB32CD00B47098 /* IndividualListView.swift */ = {isa = PBXFileReference; lastKnownFileType = sourcecode.swift; path = IndividualListView.swift; sourceTree = "<group>"; };
		C5B95D342ECB32E200B47098 /* SortByBottomSheet.swift */ = {isa = PBXFileReference; lastKnownFileType = sourcecode.swift; path = SortByBottomSheet.swift; sourceTree = "<group>"; };
		C5B95D362ECB32F200B47098 /* ManageListBottomSheet.swift */ = {isa = PBXFileReference; lastKnownFileType = sourcecode.swift; path = ManageListBottomSheet.swift; sourceTree = "<group>"; };
		C5B95D382ECB330000B47098 /* DeleteListBottomSheet.swift */ = {isa = PBXFileReference; lastKnownFileType = sourcecode.swift; path = DeleteListBottomSheet.swift; sourceTree = "<group>"; };
		C5B95D3A2ECB333000B47098 /* WatchlistFiltersBottomSheet.swift */ = {isa = PBXFileReference; lastKnownFileType = sourcecode.swift; path = WatchlistFiltersBottomSheet.swift; sourceTree = "<group>"; };
		C5B95D3C2ECB334600B47098 /* YourListsView.swift */ = {isa = PBXFileReference; lastKnownFileType = sourcecode.swift; path = YourListsView.swift; sourceTree = "<group>"; };
		C5B95D3E2ECB37F800B47098 /* CreateWatchlistBottomSheet.swift */ = {isa = PBXFileReference; lastKnownFileType = sourcecode.swift; path = CreateWatchlistBottomSheet.swift; sourceTree = "<group>"; };
		C5B95D402ECB383300B47098 /* WatchlistFilterState.swift */ = {isa = PBXFileReference; lastKnownFileType = sourcecode.swift; path = WatchlistFilterState.swift; sourceTree = "<group>"; };
		C5B95D422ECB3D5300B47098 /* AddToListView.swift */ = {isa = PBXFileReference; lastKnownFileType = sourcecode.swift; path = AddToListView.swift; sourceTree = "<group>"; };
		C5B95D442ECB3D9100B47098 /* AddMoviesToListView.swift */ = {isa = PBXFileReference; lastKnownFileType = sourcecode.swift; path = AddMoviesToListView.swift; sourceTree = "<group>"; };
		C5B95D462ECB416200B47098 /* EditListBottomSheet.swift */ = {isa = PBXFileReference; lastKnownFileType = sourcecode.swift; path = EditListBottomSheet.swift; sourceTree = "<group>"; };
		C5B95D482ECB418100B47098 /* WatchlistFilterDetailSheet.swift */ = {isa = PBXFileReference; lastKnownFileType = sourcecode.swift; path = WatchlistFilterDetailSheet.swift; sourceTree = "<group>"; };
		C5B95D4A2ECB59C500B47098 /* SearchFilterDetailSheet.swift */ = {isa = PBXFileReference; lastKnownFileType = sourcecode.swift; path = SearchFilterDetailSheet.swift; sourceTree = "<group>"; };
		C5D017332E989F7800164472 /* TastyMangoes.app */ = {isa = PBXFileReference; explicitFileType = wrapper.application; includeInIndex = 0; path = TastyMangoes.app; sourceTree = BUILT_PRODUCTS_DIR; };
		C5D017402E989F7900164472 /* TastyMangoesTests.xctest */ = {isa = PBXFileReference; explicitFileType = wrapper.cfbundle; includeInIndex = 0; path = TastyMangoesTests.xctest; sourceTree = BUILT_PRODUCTS_DIR; };
		C5D0174A2E989F7900164472 /* TastyMangoesUITests.xctest */ = {isa = PBXFileReference; explicitFileType = wrapper.cfbundle; includeInIndex = 0; path = TastyMangoesUITests.xctest; sourceTree = BUILT_PRODUCTS_DIR; };
		C5E27A392EC9979400065347 /* MoviePageHeader.swift */ = {isa = PBXFileReference; lastKnownFileType = sourcecode.swift; path = MoviePageHeader.swift; sourceTree = "<group>"; };
		C5E27A3A2EC9979400065347 /* WatchlistBottomSheet.swift */ = {isa = PBXFileReference; lastKnownFileType = sourcecode.swift; path = WatchlistBottomSheet.swift; sourceTree = "<group>"; };
		C5E27A3E2EC9979400065348 /* RateBottomSheet.swift */ = {isa = PBXFileReference; lastKnownFileType = sourcecode.swift; path = RateBottomSheet.swift; sourceTree = "<group>"; };
		C5E27A402EC9979400065349 /* PlatformBottomSheet.swift */ = {isa = PBXFileReference; lastKnownFileType = sourcecode.swift; path = PlatformBottomSheet.swift; sourceTree = "<group>"; };
		C5E27A422EC9979400065350 /* FriendsBottomSheet.swift */ = {isa = PBXFileReference; lastKnownFileType = sourcecode.swift; path = FriendsBottomSheet.swift; sourceTree = "<group>"; };
		C5E27A442EC9979400065351 /* AuthManager.swift */ = {isa = PBXFileReference; lastKnownFileType = sourcecode.swift; path = AuthManager.swift; sourceTree = "<group>"; };
		C5E27A462EC9979400065352 /* UserProfileManager.swift */ = {isa = PBXFileReference; lastKnownFileType = sourcecode.swift; path = UserProfileManager.swift; sourceTree = "<group>"; };
		C5E27A482EC9979400065353 /* SignInView.swift */ = {isa = PBXFileReference; lastKnownFileType = sourcecode.swift; path = SignInView.swift; sourceTree = "<group>"; };
		C5E27A4A2EC9979400065354 /* SignUpView.swift */ = {isa = PBXFileReference; lastKnownFileType = sourcecode.swift; path = SignUpView.swift; sourceTree = "<group>"; };
		C5E27A4C2EC9979400065355 /* ProfileView.swift */ = {isa = PBXFileReference; lastKnownFileType = sourcecode.swift; path = ProfileView.swift; sourceTree = "<group>"; };
		C5E27A4E2EC9979400065356 /* SupabaseService.swift */ = {isa = PBXFileReference; lastKnownFileType = sourcecode.swift; path = SupabaseService.swift; sourceTree = "<group>"; };
		C5E27A502EC9979400065357 /* SupabaseModels.swift */ = {isa = PBXFileReference; lastKnownFileType = sourcecode.swift; path = SupabaseModels.swift; sourceTree = "<group>"; };
		C5E27A522EC9979400065358 /* SupabaseConfig.swift */ = {isa = PBXFileReference; lastKnownFileType = sourcecode.swift; path = SupabaseConfig.swift; sourceTree = "<group>"; };
		C5E27A542EC9979400065359 /* PlatformIconHelper.swift */ = {isa = PBXFileReference; lastKnownFileType = sourcecode.swift; path = PlatformIconHelper.swift; sourceTree = "<group>"; };
		C5E27A562EC9979400065360 /* MovieCard.swift */ = {isa = PBXFileReference; lastKnownFileType = sourcecode.swift; path = MovieCard.swift; sourceTree = "<group>"; };
		C5E27A582EC9979400065361 /* MovieCard+Extensions.swift */ = {isa = PBXFileReference; lastKnownFileType = sourcecode.swift; path = "MovieCard+Extensions.swift"; sourceTree = "<group>"; };
		C5EF8F322EDC19730012E597 /* SpeechRecognizer.swift */ = {isa = PBXFileReference; lastKnownFileType = sourcecode.swift; path = SpeechRecognizer.swift; sourceTree = "<group>"; };
		C5EF8F342EDC198C0012E597 /* ListeningIndicator.swift */ = {isa = PBXFileReference; lastKnownFileType = sourcecode.swift; path = ListeningIndicator.swift; sourceTree = "<group>"; };
/* End PBXFileReference section */

/* Begin PBXFrameworksBuildPhase section */
		C5D017302E989F7800164472 /* Frameworks */ = {
			isa = PBXFrameworksBuildPhase;
			buildActionMask = 2147483647;
			files = (
				C5ADA3662ED5601500440F8D /* Supabase in Frameworks */,
				C5ADA35E2ED5578700440F8D /* Storage in Frameworks */,
				C5ADA35C2ED5578700440F8D /* Realtime in Frameworks */,
				C5ADA35A2ED5578700440F8D /* PostgREST in Frameworks */,
				C5ADA3582ED5578700440F8D /* Auth in Frameworks */,
			);
			runOnlyForDeploymentPostprocessing = 0;
		};
		C5D0173D2E989F7900164472 /* Frameworks */ = {
			isa = PBXFrameworksBuildPhase;
			buildActionMask = 2147483647;
			files = (
			);
			runOnlyForDeploymentPostprocessing = 0;
		};
		C5D017472E989F7900164472 /* Frameworks */ = {
			isa = PBXFrameworksBuildPhase;
			buildActionMask = 2147483647;
			files = (
			);
			runOnlyForDeploymentPostprocessing = 0;
		};
/* End PBXFrameworksBuildPhase section */

/* Begin PBXGroup section */
		C517CD1E2EC9806C00EAE1FE /* Products */ = {
			isa = PBXGroup;
			name = Products;
			sourceTree = "<group>";
		};
		C5ADA3642ED5601500440F8D /* Frameworks */ = {
			isa = PBXGroup;
			children = (
			);
			name = Frameworks;
			sourceTree = "<group>";
		};
		C5D0172A2E989F7800164472 = {
			isa = PBXGroup;
			children = (
				C59E8B812EE696D000F15ED6 /* SelfHealingVoiceService.swift */,
				C50BE71D2EE65A0900883045 /* RecommenderNormalizer.swift */,
				C50BE71B2EE63CAE00883045 /* MangoListeningView.swift */,
				C50BE7192EE63C9900883045 /* MangoSpeaker.swift */,
				C50BE7172EE63BAC00883045 /* VoiceIntentRouter.swift */,
				C517CD042EC9806C00EAE1FE /* Assets.xcassets */,
				C5B95D442ECB3D9100B47098 /* AddMoviesToListView.swift */,
				C5B95D422ECB3D5300B47098 /* AddToListView.swift */,
				C5E27A442EC9979400065351 /* AuthManager.swift */,
				C517CD052EC9806C00EAE1FE /* CastTabView.swift */,
				C517CD062EC9806C00EAE1FE /* CategoryItem.swift */,
				C517CD072EC9806C00EAE1FE /* CategoryResultsView.swift */,
				C517CD082EC9806C00EAE1FE /* Color+Hex.swift */,
				C5B95D3E2ECB37F800B47098 /* CreateWatchlistBottomSheet.swift */,
				C517CD092EC9806C00EAE1FE /* CrewTabView.swift */,
				C517CD0A2EC9806C00EAE1FE /* CustomIcons.swift */,
				C5B95D382ECB330000B47098 /* DeleteListBottomSheet.swift */,
				C5B95D462ECB416200B47098 /* EditListBottomSheet.swift */,
				C5E27A422EC9979400065350 /* FriendsBottomSheet.swift */,
				C517CD0B2EC9806C00EAE1FE /* HomeVew.swift */,
				C5B95D322ECB32CD00B47098 /* IndividualListView.swift */,
				C5EF8F342EDC198C0012E597 /* ListeningIndicator.swift */,
				C5B95D362ECB32F200B47098 /* ManageListBottomSheet.swift */,
				C50BE7112EE6395B00883045 /* MangoCommand.swift */,
				C517CD0C2EC9806C00EAE1FE /* Movie.swift */,
				C5E27A562EC9979400065360 /* MovieCard.swift */,
				C5E27A582EC9979400065361 /* MovieCard+Extensions.swift */,
				C517CD0D2EC9806C00EAE1FE /* MovieDetail.swift */,
				C517CD0E2EC9806C00EAE1FE /* MovieDetailService.swift */,
				C51B70502ED2D66500B76CF7 /* MovieDetailView.swift */,
				C517CD0F2EC9806C00EAE1FE /* MovieDetailViewModel.swift */,
				C517CD102EC9806C00EAE1FE /* MoviePageView.swift */,
				C5A665502EC9C36A001433DC /* MoviePageScrollDebugView.swift */,
				C517CD112EC9806C00EAE1FE /* MoviePosterImage.swift */,
				C517CD122EC9806C00EAE1FE /* movies.json */,
				C5E27A392EC9979400065347 /* MoviePageHeader.swift */,
				C50BE70B2EE6380200883045 /* NotificationNames.swift */,
				C50BE7132EE6399F00883045 /* OpenAIClient.swift */,
				C50BE7152EE639A900883045 /* OpenAIConfig.swift */,
				C5E27A402EC9979400065349 /* PlatformBottomSheet.swift */,
				C5E27A542EC9979400065359 /* PlatformIconHelper.swift */,
				C5E27A4C2EC9979400065355 /* ProfileView.swift */,
				C5E27A3E2EC9979400065348 /* RateBottomSheet.swift */,
				C5E27A482EC9979400065353 /* SignInView.swift */,
				C5E27A4A2EC9979400065354 /* SignUpView.swift */,
				C5E27A4E2EC9979400065356 /* SupabaseService.swift */,
				C5E27A502EC9979400065357 /* SupabaseModels.swift */,
				C5E27A522EC9979400065358 /* SupabaseConfig.swift */,
				C50BE7092EE6346900883045 /* SupabaseWatchlistAdapter.swift */,
				C517CD132EC9806C00EAE1FE /* SearchComponents.swift */,
				C5B95D262ECB1D4000B47098 /* SearchCategoriesView.swift */,
				C5B95D242ECB1D2800B47098 /* SearchFiltersBottomSheet.swift */,
				C5B95D4A2ECB59C500B47098 /* SearchFilterDetailSheet.swift */,
				C5B95D282ECB270300B47098 /* SearchFilterState.swift */,
				C517CD142EC9806C00EAE1FE /* SearchFiltersView.swift */,
				C5B95D2E2ECB274E00B47098 /* SearchGenresBottomSheet.swift */,
				C5B95D2A2ECB271700B47098 /* SearchHistoryManager.swift */,
				C5B95D2C2ECB272B00B47098 /* SearchPlatformsBottomSheet.swift */,
				C517CD152EC9806C00EAE1FE /* SearchView.swift */,
				C517CD162EC9806C00EAE1FE /* SearchViewModel.swift */,
				C5B95D342ECB32E200B47098 /* SortByBottomSheet.swift */,
				C5EF8F322EDC19730012E597 /* SpeechRecognizer.swift */,
				C517CD172EC9806C00EAE1FE /* TabBarView.swift */,
				C517CD182EC9806C00EAE1FE /* TastyMangoes.xcodeproj */,
				C517CD192EC9806C00EAE1FE /* TastyMangoesApp.swift */,
				C517CD1A2EC9806C00EAE1FE /* Tmdbconfig.swift */,
				C517CD1B2EC9806C00EAE1FE /* Tmdbmodels.swift */,
				C517CD1C2EC9806C00EAE1FE /* Tmdbservice.swift */,
				C517CD1D2EC9806C00EAE1FE /* TMIcons.swift */,
				C5E27A462EC9979400065352 /* UserProfileManager.swift */,
				C50BE70D2EE6383800883045 /* VoiceAnalyticsLogger.swift */,
				C5B95D1C2ECB0B0800B47098 /* WatchlistView.swift */,
				C5E27A3A2EC9979400065347 /* WatchlistBottomSheet.swift */,
				C5B95D3A2ECB333000B47098 /* WatchlistFiltersBottomSheet.swift */,
				C5B95D482ECB418100B47098 /* WatchlistFilterDetailSheet.swift */,
				C5B95D402ECB383300B47098 /* WatchlistFilterState.swift */,
				C5B95D222ECB15DE00B47098 /* WatchlistManager.swift */,
				C5B95D302ECB32B600B47098 /* WatchlistView.swift */,
				C561D02D2EDFCF01007FDD69 /* YouTubePlayerView.swift */,
				C5B95D3C2ECB334600B47098 /* YourListsView.swift */,
				C5ADA3642ED5601500440F8D /* Frameworks */,
				C5D017342E989F7800164472 /* Products */,
			);
			sourceTree = "<group>";
		};
		C5D017342E989F7800164472 /* Products */ = {
			isa = PBXGroup;
			children = (
				C5D017332E989F7800164472 /* TastyMangoes.app */,
				C5D017402E989F7900164472 /* TastyMangoesTests.xctest */,
				C5D0174A2E989F7900164472 /* TastyMangoesUITests.xctest */,
			);
			name = Products;
			sourceTree = "<group>";
		};
/* End PBXGroup section */

/* Begin PBXNativeTarget section */
		C5D017322E989F7800164472 /* TastyMangoes */ = {
			isa = PBXNativeTarget;
			buildConfigurationList = C5D017542E989F7900164472 /* Build configuration list for PBXNativeTarget "TastyMangoes" */;
			buildPhases = (
				C5D0172F2E989F7800164472 /* Sources */,
				C5D017302E989F7800164472 /* Frameworks */,
				C5D017312E989F7800164472 /* Resources */,
			);
			buildRules = (
			);
			dependencies = (
			);
			name = TastyMangoes;
			packageProductDependencies = (
				C5ADA3572ED5578700440F8D /* Auth */,
				C5ADA3592ED5578700440F8D /* PostgREST */,
				C5ADA35B2ED5578700440F8D /* Realtime */,
				C5ADA35D2ED5578700440F8D /* Storage */,
				C5ADA3652ED5601500440F8D /* Supabase */,
			);
			productName = TastyMangoes;
			productReference = C5D017332E989F7800164472 /* TastyMangoes.app */;
			productType = "com.apple.product-type.application";
		};
		C5D0173F2E989F7900164472 /* TastyMangoesTests */ = {
			isa = PBXNativeTarget;
			buildConfigurationList = C5D017572E989F7900164472 /* Build configuration list for PBXNativeTarget "TastyMangoesTests" */;
			buildPhases = (
				C5D0173C2E989F7900164472 /* Sources */,
				C5D0173D2E989F7900164472 /* Frameworks */,
				C5D0173E2E989F7900164472 /* Resources */,
			);
			buildRules = (
			);
			dependencies = (
				C5D017422E989F7900164472 /* PBXTargetDependency */,
			);
			name = TastyMangoesTests;
			packageProductDependencies = (
			);
			productName = TastyMangoesTests;
			productReference = C5D017402E989F7900164472 /* TastyMangoesTests.xctest */;
			productType = "com.apple.product-type.bundle.unit-test";
		};
		C5D017492E989F7900164472 /* TastyMangoesUITests */ = {
			isa = PBXNativeTarget;
			buildConfigurationList = C5D0175A2E989F7900164472 /* Build configuration list for PBXNativeTarget "TastyMangoesUITests" */;
			buildPhases = (
				C5D017462E989F7900164472 /* Sources */,
				C5D017472E989F7900164472 /* Frameworks */,
				C5D017482E989F7900164472 /* Resources */,
			);
			buildRules = (
			);
			dependencies = (
				C5D0174C2E989F7900164472 /* PBXTargetDependency */,
			);
			name = TastyMangoesUITests;
			packageProductDependencies = (
			);
			productName = TastyMangoesUITests;
			productReference = C5D0174A2E989F7900164472 /* TastyMangoesUITests.xctest */;
			productType = "com.apple.product-type.bundle.ui-testing";
		};
/* End PBXNativeTarget section */

/* Begin PBXProject section */
		C5D0172B2E989F7800164472 /* Project object */ = {
			isa = PBXProject;
			attributes = {
				BuildIndependentTargetsInParallel = 1;
				LastSwiftUpdateCheck = 2600;
				LastUpgradeCheck = 2600;
				TargetAttributes = {
					C5D017322E989F7800164472 = {
						CreatedOnToolsVersion = 26.0.1;
						LastSwiftMigration = 2600;
					};
					C5D0173F2E989F7900164472 = {
						CreatedOnToolsVersion = 26.0.1;
						TestTargetID = C5D017322E989F7800164472;
					};
					C5D017492E989F7900164472 = {
						CreatedOnToolsVersion = 26.0.1;
						TestTargetID = C5D017322E989F7800164472;
					};
				};
			};
			buildConfigurationList = C5D0172E2E989F7800164472 /* Build configuration list for PBXProject "TastyMangoes" */;
			developmentRegion = en;
			hasScannedForEncodings = 0;
			knownRegions = (
				en,
				Base,
			);
			mainGroup = C5D0172A2E989F7800164472;
			minimizedProjectReferenceProxies = 1;
			packageReferences = (
				C5ADA3562ED5578700440F8D /* XCRemoteSwiftPackageReference "supabase-swift" */,
			);
			preferredProjectObjectVersion = 77;
			productRefGroup = C5D017342E989F7800164472 /* Products */;
			projectDirPath = "";
			projectReferences = (
				{
					ProductGroup = C517CD1E2EC9806C00EAE1FE /* Products */;
					ProjectRef = C517CD182EC9806C00EAE1FE /* TastyMangoes.xcodeproj */;
				},
			);
			projectRoot = "";
			targets = (
				C5D017322E989F7800164472 /* TastyMangoes */,
				C5D0173F2E989F7900164472 /* TastyMangoesTests */,
				C5D017492E989F7900164472 /* TastyMangoesUITests */,
			);
		};
/* End PBXProject section */

/* Begin PBXResourcesBuildPhase section */
		C5D017312E989F7800164472 /* Resources */ = {
			isa = PBXResourcesBuildPhase;
			buildActionMask = 2147483647;
			files = (
				C517CD202EC9806C00EAE1FE /* Assets.xcassets in Resources */,
				C517CD212EC9806C00EAE1FE /* movies.json in Resources */,
			);
			runOnlyForDeploymentPostprocessing = 0;
		};
		C5D0173E2E989F7900164472 /* Resources */ = {
			isa = PBXResourcesBuildPhase;
			buildActionMask = 2147483647;
			files = (
			);
			runOnlyForDeploymentPostprocessing = 0;
		};
		C5D017482E989F7900164472 /* Resources */ = {
			isa = PBXResourcesBuildPhase;
			buildActionMask = 2147483647;
			files = (
			);
			runOnlyForDeploymentPostprocessing = 0;
		};
/* End PBXResourcesBuildPhase section */

/* Begin PBXSourcesBuildPhase section */
		C5D0172F2E989F7800164472 /* Sources */ = {
			isa = PBXSourcesBuildPhase;
			buildActionMask = 2147483647;
			files = (
				C517CD222EC9806C00EAE1FE /* CategoryItem.swift in Sources */,
				C517CD232EC9806C00EAE1FE /* Color+Hex.swift in Sources */,
				C5B95D352ECB32E200B47098 /* SortByBottomSheet.swift in Sources */,
				C5B95D392ECB330000B47098 /* DeleteListBottomSheet.swift in Sources */,
				C561D02E2EDFCF01007FDD69 /* YouTubePlayerView.swift in Sources */,
				C517CD242EC9806C00EAE1FE /* Movie.swift in Sources */,
				C517CD252EC9806C00EAE1FE /* Tmdbconfig.swift in Sources */,
				C5B95D2D2ECB272B00B47098 /* SearchPlatformsBottomSheet.swift in Sources */,
				C517CD262EC9806C00EAE1FE /* Tmdbmodels.swift in Sources */,
				C50BE70A2EE6346900883045 /* SupabaseWatchlistAdapter.swift in Sources */,
				C5B95D292ECB270300B47098 /* SearchFilterState.swift in Sources */,
				C5B95D432ECB3D5300B47098 /* AddToListView.swift in Sources */,
				C50BE7122EE6395B00883045 /* MangoCommand.swift in Sources */,
				C5EF8F332EDC19730012E597 /* SpeechRecognizer.swift in Sources */,
				C51B70512ED2D66500B76CF7 /* MovieDetailView.swift in Sources */,
				C5B95D332ECB32CD00B47098 /* IndividualListView.swift in Sources */,
				C5B95D372ECB32F200B47098 /* ManageListBottomSheet.swift in Sources */,
				C50BE71C2EE63CAE00883045 /* MangoListeningView.swift in Sources */,
				C5B95D2B2ECB271700B47098 /* SearchHistoryManager.swift in Sources */,
				C5B95D2F2ECB274E00B47098 /* SearchGenresBottomSheet.swift in Sources */,
				C5B95D452ECB3D9100B47098 /* AddMoviesToListView.swift in Sources */,
				C517CD272EC9806C00EAE1FE /* CastTabView.swift in Sources */,
				C517CD282EC9806C00EAE1FE /* Tmdbservice.swift in Sources */,
				C5B95D1D2ECB0B0800B47098 /* WatchlistView.swift in Sources */,
				C5A665512EC9C36A001433DC /* MoviePageScrollDebugView.swift in Sources */,
				C517CD292EC9806C00EAE1FE /* MoviePageView.swift in Sources */,
				C517CD2A2EC9806C00EAE1FE /* MovieDetailViewModel.swift in Sources */,
				C517CD2B2EC9806C00EAE1FE /* MoviePosterImage.swift in Sources */,
				C5B95D272ECB1D4000B47098 /* SearchCategoriesView.swift in Sources */,
				C5B95D252ECB1D2800B47098 /* SearchFiltersBottomSheet.swift in Sources */,
				C517CD2C2EC9806C00EAE1FE /* TastyMangoesApp.swift in Sources */,
				C517CD2D2EC9806C00EAE1FE /* TMIcons.swift in Sources */,
				C517CD2E2EC9806C00EAE1FE /* SearchComponents.swift in Sources */,
				C517CD2F2EC9806C00EAE1FE /* CategoryResultsView.swift in Sources */,
				C517CD302EC9806C00EAE1FE /* SearchViewModel.swift in Sources */,
				C517CD312EC9806C00EAE1FE /* TabBarView.swift in Sources */,
				C5B95D492ECB418100B47098 /* WatchlistFilterDetailSheet.swift in Sources */,
				C517CD322EC9806C00EAE1FE /* SearchView.swift in Sources */,
				C517CD332EC9806C00EAE1FE /* MovieDetail.swift in Sources */,
				C5B95D3F2ECB37F800B47098 /* CreateWatchlistBottomSheet.swift in Sources */,
				C50BE71A2EE63C9900883045 /* MangoSpeaker.swift in Sources */,
				C5B95D3B2ECB333000B47098 /* WatchlistFiltersBottomSheet.swift in Sources */,
				C5B95D232ECB15DE00B47098 /* WatchlistManager.swift in Sources */,
				C5B95D472ECB416200B47098 /* EditListBottomSheet.swift in Sources */,
				C517CD342EC9806C00EAE1FE /* CrewTabView.swift in Sources */,
				C517CD352EC9806C00EAE1FE /* SearchFiltersView.swift in Sources */,
				C5E27A3B2EC9979400065347 /* MoviePageHeader.swift in Sources */,
				C5B95D412ECB383300B47098 /* WatchlistFilterState.swift in Sources */,
				C5B95D3D2ECB334600B47098 /* YourListsView.swift in Sources */,
				C50BE71E2EE65A0900883045 /* RecommenderNormalizer.swift in Sources */,
				C5E27A3C2EC9979400065347 /* WatchlistBottomSheet.swift in Sources */,
				C50BE70E2EE6383800883045 /* VoiceAnalyticsLogger.swift in Sources */,
				C5E27A3D2EC9979400065348 /* RateBottomSheet.swift in Sources */,
				C5E27A3F2EC9979400065349 /* PlatformBottomSheet.swift in Sources */,
				C5E27A412EC9979400065350 /* FriendsBottomSheet.swift in Sources */,
				C50BE70C2EE6380200883045 /* NotificationNames.swift in Sources */,
				C5E27A432EC9979400065351 /* AuthManager.swift in Sources */,
				C50BE7142EE6399F00883045 /* OpenAIClient.swift in Sources */,
				C5E27A452EC9979400065352 /* UserProfileManager.swift in Sources */,
				C5E27A472EC9979400065353 /* SignInView.swift in Sources */,
				C5E27A492EC9979400065354 /* SignUpView.swift in Sources */,
				C59E8B822EE696D000F15ED6 /* SelfHealingVoiceService.swift in Sources */,
				C5E27A4B2EC9979400065355 /* ProfileView.swift in Sources */,
				C5E27A4D2EC9979400065356 /* SupabaseService.swift in Sources */,
				C5E27A4F2EC9979400065357 /* SupabaseModels.swift in Sources */,
				C50BE7162EE639A900883045 /* OpenAIConfig.swift in Sources */,
				C5E27A512EC9979400065358 /* SupabaseConfig.swift in Sources */,
				C5E27A532EC9979400065359 /* PlatformIconHelper.swift in Sources */,
				C5E27A552EC9979400065360 /* MovieCard.swift in Sources */,
				C5E27A572EC9979400065361 /* MovieCard+Extensions.swift in Sources */,
				C517CD362EC9806C00EAE1FE /* CustomIcons.swift in Sources */,
				C50BE7182EE63BAC00883045 /* VoiceIntentRouter.swift in Sources */,
				C517CD372EC9806C00EAE1FE /* MovieDetailService.swift in Sources */,
				C5B95D4B2ECB59C500B47098 /* SearchFilterDetailSheet.swift in Sources */,
				C517CD382EC9806C00EAE1FE /* HomeVew.swift in Sources */,
				C5EF8F352EDC198C0012E597 /* ListeningIndicator.swift in Sources */,
			);
			runOnlyForDeploymentPostprocessing = 0;
		};
		C5D0173C2E989F7900164472 /* Sources */ = {
			isa = PBXSourcesBuildPhase;
			buildActionMask = 2147483647;
			files = (
			);
			runOnlyForDeploymentPostprocessing = 0;
		};
		C5D017462E989F7900164472 /* Sources */ = {
			isa = PBXSourcesBuildPhase;
			buildActionMask = 2147483647;
			files = (
			);
			runOnlyForDeploymentPostprocessing = 0;
		};
/* End PBXSourcesBuildPhase section */

/* Begin PBXTargetDependency section */
		C5D017422E989F7900164472 /* PBXTargetDependency */ = {
			isa = PBXTargetDependency;
			target = C5D017322E989F7800164472 /* TastyMangoes */;
			targetProxy = C5D017412E989F7900164472 /* PBXContainerItemProxy */;
		};
		C5D0174C2E989F7900164472 /* PBXTargetDependency */ = {
			isa = PBXTargetDependency;
			target = C5D017322E989F7800164472 /* TastyMangoes */;
			targetProxy = C5D0174B2E989F7900164472 /* PBXContainerItemProxy */;
		};
/* End PBXTargetDependency section */

/* Begin XCBuildConfiguration section */
		C5D017522E989F7900164472 /* Debug */ = {
			isa = XCBuildConfiguration;
			buildSettings = {
				ALWAYS_SEARCH_USER_PATHS = NO;
				ASSETCATALOG_COMPILER_GENERATE_SWIFT_ASSET_SYMBOL_EXTENSIONS = YES;
				CLANG_ANALYZER_NONNULL = YES;
				CLANG_ANALYZER_NUMBER_OBJECT_CONVERSION = YES_AGGRESSIVE;
				CLANG_CXX_LANGUAGE_STANDARD = "gnu++20";
				CLANG_ENABLE_MODULES = YES;
				CLANG_ENABLE_OBJC_ARC = YES;
				CLANG_ENABLE_OBJC_WEAK = YES;
				CLANG_WARN_BLOCK_CAPTURE_AUTORELEASING = YES;
				CLANG_WARN_BOOL_CONVERSION = YES;
				CLANG_WARN_COMMA = YES;
				CLANG_WARN_CONSTANT_CONVERSION = YES;
				CLANG_WARN_DEPRECATED_OBJC_IMPLEMENTATIONS = YES;
				CLANG_WARN_DIRECT_OBJC_ISA_USAGE = YES_ERROR;
				CLANG_WARN_DOCUMENTATION_COMMENTS = YES;
				CLANG_WARN_EMPTY_BODY = YES;
				CLANG_WARN_ENUM_CONVERSION = YES;
				CLANG_WARN_INFINITE_RECURSION = YES;
				CLANG_WARN_INT_CONVERSION = YES;
				CLANG_WARN_NON_LITERAL_NULL_CONVERSION = YES;
				CLANG_WARN_OBJC_IMPLICIT_RETAIN_SELF = YES;
				CLANG_WARN_OBJC_LITERAL_CONVERSION = YES;
				CLANG_WARN_OBJC_ROOT_CLASS = YES_ERROR;
				CLANG_WARN_QUOTED_INCLUDE_IN_FRAMEWORK_HEADER = YES;
				CLANG_WARN_RANGE_LOOP_ANALYSIS = YES;
				CLANG_WARN_STRICT_PROTOTYPES = YES;
				CLANG_WARN_SUSPICIOUS_MOVE = YES;
				CLANG_WARN_UNGUARDED_AVAILABILITY = YES_AGGRESSIVE;
				CLANG_WARN_UNREACHABLE_CODE = YES;
				CLANG_WARN__DUPLICATE_METHOD_MATCH = YES;
				COPY_PHASE_STRIP = NO;
				DEBUG_INFORMATION_FORMAT = dwarf;
				DEVELOPMENT_TEAM = G9LWGHCJXP;
				ENABLE_STRICT_OBJC_MSGSEND = YES;
				ENABLE_TESTABILITY = YES;
				ENABLE_USER_SCRIPT_SANDBOXING = YES;
				GCC_C_LANGUAGE_STANDARD = gnu17;
				GCC_DYNAMIC_NO_PIC = NO;
				GCC_NO_COMMON_BLOCKS = YES;
				GCC_OPTIMIZATION_LEVEL = 0;
				GCC_PREPROCESSOR_DEFINITIONS = (
					"DEBUG=1",
					"$(inherited)",
				);
				GCC_WARN_64_TO_32_BIT_CONVERSION = YES;
				GCC_WARN_ABOUT_RETURN_TYPE = YES_ERROR;
				GCC_WARN_UNDECLARED_SELECTOR = YES;
				GCC_WARN_UNINITIALIZED_AUTOS = YES_AGGRESSIVE;
				GCC_WARN_UNUSED_FUNCTION = YES;
				GCC_WARN_UNUSED_VARIABLE = YES;
				IPHONEOS_DEPLOYMENT_TARGET = 26.0;
				LOCALIZATION_PREFERS_STRING_CATALOGS = YES;
				MTL_ENABLE_DEBUG_INFO = INCLUDE_SOURCE;
				MTL_FAST_MATH = YES;
				ONLY_ACTIVE_ARCH = YES;
				SDKROOT = iphoneos;
				SWIFT_ACTIVE_COMPILATION_CONDITIONS = "DEBUG $(inherited)";
				SWIFT_OPTIMIZATION_LEVEL = "-Onone";
			};
			name = Debug;
		};
		C5D017532E989F7900164472 /* Release */ = {
			isa = XCBuildConfiguration;
			buildSettings = {
				ALWAYS_SEARCH_USER_PATHS = NO;
				ASSETCATALOG_COMPILER_GENERATE_SWIFT_ASSET_SYMBOL_EXTENSIONS = YES;
				CLANG_ANALYZER_NONNULL = YES;
				CLANG_ANALYZER_NUMBER_OBJECT_CONVERSION = YES_AGGRESSIVE;
				CLANG_CXX_LANGUAGE_STANDARD = "gnu++20";
				CLANG_ENABLE_MODULES = YES;
				CLANG_ENABLE_OBJC_ARC = YES;
				CLANG_ENABLE_OBJC_WEAK = YES;
				CLANG_WARN_BLOCK_CAPTURE_AUTORELEASING = YES;
				CLANG_WARN_BOOL_CONVERSION = YES;
				CLANG_WARN_COMMA = YES;
				CLANG_WARN_CONSTANT_CONVERSION = YES;
				CLANG_WARN_DEPRECATED_OBJC_IMPLEMENTATIONS = YES;
				CLANG_WARN_DIRECT_OBJC_ISA_USAGE = YES_ERROR;
				CLANG_WARN_DOCUMENTATION_COMMENTS = YES;
				CLANG_WARN_EMPTY_BODY = YES;
				CLANG_WARN_ENUM_CONVERSION = YES;
				CLANG_WARN_INFINITE_RECURSION = YES;
				CLANG_WARN_INT_CONVERSION = YES;
				CLANG_WARN_NON_LITERAL_NULL_CONVERSION = YES;
				CLANG_WARN_OBJC_IMPLICIT_RETAIN_SELF = YES;
				CLANG_WARN_OBJC_LITERAL_CONVERSION = YES;
				CLANG_WARN_OBJC_ROOT_CLASS = YES_ERROR;
				CLANG_WARN_QUOTED_INCLUDE_IN_FRAMEWORK_HEADER = YES;
				CLANG_WARN_RANGE_LOOP_ANALYSIS = YES;
				CLANG_WARN_STRICT_PROTOTYPES = YES;
				CLANG_WARN_SUSPICIOUS_MOVE = YES;
				CLANG_WARN_UNGUARDED_AVAILABILITY = YES_AGGRESSIVE;
				CLANG_WARN_UNREACHABLE_CODE = YES;
				CLANG_WARN__DUPLICATE_METHOD_MATCH = YES;
				COPY_PHASE_STRIP = NO;
				DEBUG_INFORMATION_FORMAT = "dwarf-with-dsym";
				DEVELOPMENT_TEAM = G9LWGHCJXP;
				ENABLE_NS_ASSERTIONS = NO;
				ENABLE_STRICT_OBJC_MSGSEND = YES;
				ENABLE_USER_SCRIPT_SANDBOXING = YES;
				GCC_C_LANGUAGE_STANDARD = gnu17;
				GCC_NO_COMMON_BLOCKS = YES;
				GCC_WARN_64_TO_32_BIT_CONVERSION = YES;
				GCC_WARN_ABOUT_RETURN_TYPE = YES_ERROR;
				GCC_WARN_UNDECLARED_SELECTOR = YES;
				GCC_WARN_UNINITIALIZED_AUTOS = YES_AGGRESSIVE;
				GCC_WARN_UNUSED_FUNCTION = YES;
				GCC_WARN_UNUSED_VARIABLE = YES;
				IPHONEOS_DEPLOYMENT_TARGET = 26.0;
				LOCALIZATION_PREFERS_STRING_CATALOGS = YES;
				MTL_ENABLE_DEBUG_INFO = NO;
				MTL_FAST_MATH = YES;
				SDKROOT = iphoneos;
				SWIFT_COMPILATION_MODE = wholemodule;
				VALIDATE_PRODUCT = YES;
			};
			name = Release;
		};
		C5D017552E989F7900164472 /* Debug */ = {
			isa = XCBuildConfiguration;
			buildSettings = {
				ASSETCATALOG_COMPILER_APPICON_NAME = AppIcon;
				ASSETCATALOG_COMPILER_GLOBAL_ACCENT_COLOR_NAME = AccentColor;
				CLANG_ENABLE_MODULES = YES;
				CODE_SIGN_STYLE = Automatic;
				CURRENT_PROJECT_VERSION = 1;
				DEVELOPMENT_TEAM = G9LWGHCJXP;
				ENABLE_PREVIEWS = YES;
				GENERATE_INFOPLIST_FILE = NO;
				INFOPLIST_FILE = Info.plist;
				INFOPLIST_KEY_UIApplicationSceneManifest_Generation = YES;
				INFOPLIST_KEY_UIApplicationSupportsIndirectInputEvents = YES;
				INFOPLIST_KEY_UILaunchScreen_Generation = YES;
				INFOPLIST_KEY_UISupportedInterfaceOrientations_iPad = "UIInterfaceOrientationPortrait UIInterfaceOrientationPortraitUpsideDown UIInterfaceOrientationLandscapeLeft UIInterfaceOrientationLandscapeRight";
				INFOPLIST_KEY_UISupportedInterfaceOrientations_iPhone = "UIInterfaceOrientationPortrait UIInterfaceOrientationLandscapeLeft UIInterfaceOrientationLandscapeRight";
				LD_RUNPATH_SEARCH_PATHS = (
					"$(inherited)",
					"@executable_path/Frameworks",
				);
				MARKETING_VERSION = 1.0;
				PRODUCT_BUNDLE_IDENTIFIER = com.tastymangoes.TastyMangoes;
				PRODUCT_NAME = "$(TARGET_NAME)";
				STRING_CATALOG_GENERATE_SYMBOLS = YES;
				SWIFT_APPROACHABLE_CONCURRENCY = YES;
				SWIFT_DEFAULT_ACTOR_ISOLATION = MainActor;
				SWIFT_EMIT_LOC_STRINGS = YES;
				SWIFT_OPTIMIZATION_LEVEL = "-Onone";
				SWIFT_UPCOMING_FEATURE_MEMBER_IMPORT_VISIBILITY = YES;
				SWIFT_VERSION = 5.0;
				TARGETED_DEVICE_FAMILY = "1,2";
			};
			name = Debug;
		};
		C5D017562E989F7900164472 /* Release */ = {
			isa = XCBuildConfiguration;
			buildSettings = {
				ASSETCATALOG_COMPILER_APPICON_NAME = AppIcon;
				ASSETCATALOG_COMPILER_GLOBAL_ACCENT_COLOR_NAME = AccentColor;
				CLANG_ENABLE_MODULES = YES;
				CODE_SIGN_STYLE = Automatic;
				CURRENT_PROJECT_VERSION = 1;
				DEVELOPMENT_TEAM = G9LWGHCJXP;
				ENABLE_PREVIEWS = YES;
				GENERATE_INFOPLIST_FILE = NO;
				INFOPLIST_FILE = Info.plist;
				INFOPLIST_KEY_UIApplicationSceneManifest_Generation = YES;
				INFOPLIST_KEY_UIApplicationSupportsIndirectInputEvents = YES;
				INFOPLIST_KEY_UILaunchScreen_Generation = YES;
				INFOPLIST_KEY_UISupportedInterfaceOrientations_iPad = "UIInterfaceOrientationPortrait UIInterfaceOrientationPortraitUpsideDown UIInterfaceOrientationLandscapeLeft UIInterfaceOrientationLandscapeRight";
				INFOPLIST_KEY_UISupportedInterfaceOrientations_iPhone = "UIInterfaceOrientationPortrait UIInterfaceOrientationLandscapeLeft UIInterfaceOrientationLandscapeRight";
				LD_RUNPATH_SEARCH_PATHS = (
					"$(inherited)",
					"@executable_path/Frameworks",
				);
				MARKETING_VERSION = 1.0;
				PRODUCT_BUNDLE_IDENTIFIER = com.tastymangoes.TastyMangoes;
				PRODUCT_NAME = "$(TARGET_NAME)";
				STRING_CATALOG_GENERATE_SYMBOLS = YES;
				SWIFT_APPROACHABLE_CONCURRENCY = YES;
				SWIFT_DEFAULT_ACTOR_ISOLATION = MainActor;
				SWIFT_EMIT_LOC_STRINGS = YES;
				SWIFT_UPCOMING_FEATURE_MEMBER_IMPORT_VISIBILITY = YES;
				SWIFT_VERSION = 5.0;
				TARGETED_DEVICE_FAMILY = "1,2";
			};
			name = Release;
		};
		C5D017582E989F7900164472 /* Debug */ = {
			isa = XCBuildConfiguration;
			buildSettings = {
				BUNDLE_LOADER = "$(TEST_HOST)";
				CODE_SIGN_STYLE = Automatic;
				CURRENT_PROJECT_VERSION = 1;
				DEVELOPMENT_TEAM = G9LWGHCJXP;
				GENERATE_INFOPLIST_FILE = NO;
				INFOPLIST_FILE = Info.plist;
				IPHONEOS_DEPLOYMENT_TARGET = 26.0;
				MARKETING_VERSION = 1.0;
				PRODUCT_BUNDLE_IDENTIFIER = com.tastymangoes.TastyMangoesTests;
				PRODUCT_NAME = "$(TARGET_NAME)";
				STRING_CATALOG_GENERATE_SYMBOLS = NO;
				SWIFT_APPROACHABLE_CONCURRENCY = YES;
				SWIFT_EMIT_LOC_STRINGS = NO;
				SWIFT_UPCOMING_FEATURE_MEMBER_IMPORT_VISIBILITY = YES;
				SWIFT_VERSION = 5.0;
				TARGETED_DEVICE_FAMILY = "1,2";
				TEST_HOST = "$(BUILT_PRODUCTS_DIR)/TastyMangoes.app/$(BUNDLE_EXECUTABLE_FOLDER_PATH)/TastyMangoes";
			};
			name = Debug;
		};
		C5D017592E989F7900164472 /* Release */ = {
			isa = XCBuildConfiguration;
			buildSettings = {
				BUNDLE_LOADER = "$(TEST_HOST)";
				CODE_SIGN_STYLE = Automatic;
				CURRENT_PROJECT_VERSION = 1;
				DEVELOPMENT_TEAM = G9LWGHCJXP;
				GENERATE_INFOPLIST_FILE = NO;
				INFOPLIST_FILE = Info.plist;
				IPHONEOS_DEPLOYMENT_TARGET = 26.0;
				MARKETING_VERSION = 1.0;
				PRODUCT_BUNDLE_IDENTIFIER = com.tastymangoes.TastyMangoesTests;
				PRODUCT_NAME = "$(TARGET_NAME)";
				STRING_CATALOG_GENERATE_SYMBOLS = NO;
				SWIFT_APPROACHABLE_CONCURRENCY = YES;
				SWIFT_EMIT_LOC_STRINGS = NO;
				SWIFT_UPCOMING_FEATURE_MEMBER_IMPORT_VISIBILITY = YES;
				SWIFT_VERSION = 5.0;
				TARGETED_DEVICE_FAMILY = "1,2";
				TEST_HOST = "$(BUILT_PRODUCTS_DIR)/TastyMangoes.app/$(BUNDLE_EXECUTABLE_FOLDER_PATH)/TastyMangoes";
			};
			name = Release;
		};
		C5D0175B2E989F7900164472 /* Debug */ = {
			isa = XCBuildConfiguration;
			buildSettings = {
				CODE_SIGN_STYLE = Automatic;
				CURRENT_PROJECT_VERSION = 1;
				DEVELOPMENT_TEAM = G9LWGHCJXP;
				GENERATE_INFOPLIST_FILE = NO;
				INFOPLIST_FILE = Info.plist;
				MARKETING_VERSION = 1.0;
				PRODUCT_BUNDLE_IDENTIFIER = com.tastymangoes.TastyMangoesUITests;
				PRODUCT_NAME = "$(TARGET_NAME)";
				STRING_CATALOG_GENERATE_SYMBOLS = NO;
				SWIFT_APPROACHABLE_CONCURRENCY = YES;
				SWIFT_EMIT_LOC_STRINGS = NO;
				SWIFT_UPCOMING_FEATURE_MEMBER_IMPORT_VISIBILITY = YES;
				SWIFT_VERSION = 5.0;
				TARGETED_DEVICE_FAMILY = "1,2";
				TEST_TARGET_NAME = TastyMangoes;
			};
			name = Debug;
		};
		C5D0175C2E989F7900164472 /* Release */ = {
			isa = XCBuildConfiguration;
			buildSettings = {
				CODE_SIGN_STYLE = Automatic;
				CURRENT_PROJECT_VERSION = 1;
				DEVELOPMENT_TEAM = G9LWGHCJXP;
				GENERATE_INFOPLIST_FILE = NO;
				INFOPLIST_FILE = Info.plist;
				MARKETING_VERSION = 1.0;
				PRODUCT_BUNDLE_IDENTIFIER = com.tastymangoes.TastyMangoesUITests;
				PRODUCT_NAME = "$(TARGET_NAME)";
				STRING_CATALOG_GENERATE_SYMBOLS = NO;
				SWIFT_APPROACHABLE_CONCURRENCY = YES;
				SWIFT_EMIT_LOC_STRINGS = NO;
				SWIFT_UPCOMING_FEATURE_MEMBER_IMPORT_VISIBILITY = YES;
				SWIFT_VERSION = 5.0;
				TARGETED_DEVICE_FAMILY = "1,2";
				TEST_TARGET_NAME = TastyMangoes;
			};
			name = Release;
		};
/* End XCBuildConfiguration section */

/* Begin XCConfigurationList section */
		C5D0172E2E989F7800164472 /* Build configuration list for PBXProject "TastyMangoes" */ = {
			isa = XCConfigurationList;
			buildConfigurations = (
				C5D017522E989F7900164472 /* Debug */,
				C5D017532E989F7900164472 /* Release */,
			);
			defaultConfigurationIsVisible = 0;
			defaultConfigurationName = Release;
		};
		C5D017542E989F7900164472 /* Build configuration list for PBXNativeTarget "TastyMangoes" */ = {
			isa = XCConfigurationList;
			buildConfigurations = (
				C5D017552E989F7900164472 /* Debug */,
				C5D017562E989F7900164472 /* Release */,
			);
			defaultConfigurationIsVisible = 0;
			defaultConfigurationName = Release;
		};
		C5D017572E989F7900164472 /* Build configuration list for PBXNativeTarget "TastyMangoesTests" */ = {
			isa = XCConfigurationList;
			buildConfigurations = (
				C5D017582E989F7900164472 /* Debug */,
				C5D017592E989F7900164472 /* Release */,
			);
			defaultConfigurationIsVisible = 0;
			defaultConfigurationName = Release;
		};
		C5D0175A2E989F7900164472 /* Build configuration list for PBXNativeTarget "TastyMangoesUITests" */ = {
			isa = XCConfigurationList;
			buildConfigurations = (
				C5D0175B2E989F7900164472 /* Debug */,
				C5D0175C2E989F7900164472 /* Release */,
			);
			defaultConfigurationIsVisible = 0;
			defaultConfigurationName = Release;
		};
/* End XCConfigurationList section */

/* Begin XCRemoteSwiftPackageReference section */
		C5ADA3562ED5578700440F8D /* XCRemoteSwiftPackageReference "supabase-swift" */ = {
			isa = XCRemoteSwiftPackageReference;
			repositoryURL = "https://github.com/supabase/supabase-swift";
			requirement = {
				kind = upToNextMajorVersion;
				minimumVersion = 2.5.1;
			};
		};
/* End XCRemoteSwiftPackageReference section */

/* Begin XCSwiftPackageProductDependency section */
		C5ADA3572ED5578700440F8D /* Auth */ = {
			isa = XCSwiftPackageProductDependency;
			package = C5ADA3562ED5578700440F8D /* XCRemoteSwiftPackageReference "supabase-swift" */;
			productName = Auth;
		};
		C5ADA3592ED5578700440F8D /* PostgREST */ = {
			isa = XCSwiftPackageProductDependency;
			package = C5ADA3562ED5578700440F8D /* XCRemoteSwiftPackageReference "supabase-swift" */;
			productName = PostgREST;
		};
		C5ADA35B2ED5578700440F8D /* Realtime */ = {
			isa = XCSwiftPackageProductDependency;
			package = C5ADA3562ED5578700440F8D /* XCRemoteSwiftPackageReference "supabase-swift" */;
			productName = Realtime;
		};
		C5ADA35D2ED5578700440F8D /* Storage */ = {
			isa = XCSwiftPackageProductDependency;
			package = C5ADA3562ED5578700440F8D /* XCRemoteSwiftPackageReference "supabase-swift" */;
			productName = Storage;
		};
		C5ADA3652ED5601500440F8D /* Supabase */ = {
			isa = XCSwiftPackageProductDependency;
			package = C5ADA3562ED5578700440F8D /* XCRemoteSwiftPackageReference "supabase-swift" */;
			productName = Supabase;
		};
/* End XCSwiftPackageProductDependency section */
	};
	rootObject = C5D0172B2E989F7800164472 /* Project object */;
}
